Microsoft Visual Studio Solution File, Format Version 12.00
# Visual Studio Version 17
VisualStudioVersion = 17.3.32929.385
MinimumVisualStudioVersion = 10.0.40219.1
Project("{9A19103F-16F7-4668-BE54-9A1E7A4F7556}") = "Clase1.TicTacToe.Consola", "Clase1.TicTacToe.Consola\Clase1.TicTacToe.Consola.csproj", "{FC937BC5-5821-4E77-8A5E-3C5B2556D32D}"
EndProject
Project("{9A19103F-16F7-4668-BE54-9A1E7A4F7556}") = "Clase1.TicTacToe.UnitTesting", "Clase1.TicTacToe.UnitTesting\Clase1.TicTacToe.UnitTesting.csproj", "{603209B1-684B-4AA7-B4D1-B7C4215BDF39}"
EndProject
Global
	GlobalSection(SolutionConfigurationPlatforms) = preSolution
		Debug|Any CPU = Debug|Any CPU
		Release|Any CPU = Release|Any CPU
	EndGlobalSection
	GlobalSection(ProjectConfigurationPlatforms) = postSolution
		{FC937BC5-5821-4E77-8A5E-3C5B2556D32D}.Debug|Any CPU.ActiveCfg = Debug|Any CPU
		{FC937BC5-5821-4E77-8A5E-3C5B2556D32D}.Debug|Any CPU.Build.0 = Debug|Any CPU
		{FC937BC5-5821-4E77-8A5E-3C5B2556D32D}.Release|Any CPU.ActiveCfg = Release|Any CPU
		{FC937BC5-5821-4E77-8A5E-3C5B2556D32D}.Release|Any CPU.Build.0 = Release|Any CPU
		{603209B1-684B-4AA7-B4D1-B7C4215BDF39}.Debug|Any CPU.ActiveCfg = Debug|Any CPU
		{603209B1-684B-4AA7-B4D1-B7C4215BDF39}.Debug|Any CPU.Build.0 = Debug|Any CPU
		{603209B1-684B-4AA7-B4D1-B7C4215BDF39}.Release|Any CPU.ActiveCfg = Release|Any CPU
		{603209B1-684B-4AA7-B4D1-B7C4215BDF39}.Release|Any CPU.Build.0 = Release|Any CPU
	EndGlobalSection
	GlobalSection(SolutionProperties) = preSolution
		HideSolutionNode = FALSE
	EndGlobalSection
	GlobalSection(ExtensibilityGlobals) = postSolution
		SolutionGuid = {50DA2350-C36B-4C46-848B-C99476B5BF2B}
	EndGlobalSection
EndGlobal
